
Microsoft Visual Studio Solution File, Format Version 12.00
# Visual Studio Version 16
VisualStudioVersion = 16.0.29728.190
MinimumVisualStudioVersion = 10.0.40219.1
Project("{FAE04EC0-301F-11D3-BF4B-00C04F79EFBC}") = "Consultar C.E.P", "Consultar C.E.P.csproj", "{1D5617EF-F1DA-49F4-B96B-8AE925E83A7C}"
EndProject
Global
	GlobalSection(SolutionConfigurationPlatforms) = preSolution
		Debug|Any CPU = Debug|Any CPU
		Release|Any CPU = Release|Any CPU
	EndGlobalSection
	GlobalSection(ProjectConfigurationPlatforms) = postSolution
		{1D5617EF-F1DA-49F4-B96B-8AE925E83A7C}.Debug|Any CPU.ActiveCfg = Debug|Any CPU
		{1D5617EF-F1DA-49F4-B96B-8AE925E83A7C}.Debug|Any CPU.Build.0 = Debug|Any CPU
		{1D5617EF-F1DA-49F4-B96B-8AE925E83A7C}.Release|Any CPU.ActiveCfg = Release|Any CPU
		{1D5617EF-F1DA-49F4-B96B-8AE925E83A7C}.Release|Any CPU.Build.0 = Release|Any CPU
	EndGlobalSection
	GlobalSection(SolutionProperties) = preSolution
		HideSolutionNode = FALSE
	EndGlobalSection
	GlobalSection(ExtensibilityGlobals) = postSolution
		SolutionGuid = {320C933C-CDF6-4E5C-8675-3790E04437F4}
	EndGlobalSection
EndGlobal
